{
  "name": "max-doc-ai",
  "lockfileVersion": 3,
  "requires": true,
  "packages": {
    "": {
      "dependencies": {
        "@ai-sdk/ui-utils": "^1.2.11",
        "ai": "^6.0.3",
        "node-pty": "^1.1.0"
      }
    },
    "node_modules/@ai-sdk/gateway": {
      "version": "3.0.2",
      "resolved": "https://registry.npmjs.org/@ai-sdk/gateway/-/gateway-3.0.2.tgz",
      "integrity": "sha512-giJEg9ob45htbu3iautK+2kvplY2JnTj7ir4wZzYSQWvqGatWfBBfDuNCU5wSJt9BCGjymM5ZS9ziD42JGCZBw==",
      "license": "Apache-2.0",
      "dependencies": {
        "@ai-sdk/provider": "3.0.0",
        "@ai-sdk/provider-utils": "4.0.1",
        "@vercel/oidc": "3.0.5"
      },
      "engines": {
        "node": ">=18"
      },
      "peerDependencies": {
        "zod": "^3.25.76 || ^4.1.8"
      }
    },
    "node_modules/@ai-sdk/gateway/node_modules/@ai-sdk/provider": {
      "version": "3.0.0",
      "resolved": "https://registry.npmjs.org/@ai-sdk/provider/-/provider-3.0.0.tgz",
      "integrity": "sha512-m9ka3ptkPQbaHHZHqDXDF9C9B5/Mav0KTdky1k2HZ3/nrW2t1AgObxIVPyGDWQNS9FXT/FS6PIoSjpcP/No8rQ==",
      "license": "Apache-2.0",
      "dependencies": {
        "json-schema": "^0.4.0"
      },
      "engines": {
        "node": ">=18"
      }
    },
    "node_modules/@ai-sdk/gateway/node_modules/@ai-sdk/provider-utils": {
      "version": "4.0.1",
      "resolved": "https://registry.npmjs.org/@ai-sdk/provider-utils/-/provider-utils-4.0.1.tgz",
      "integrity": "sha512-de2v8gH9zj47tRI38oSxhQIewmNc+OZjYIOOaMoVWKL65ERSav2PYYZHPSPCrfOeLMkv+Dyh8Y0QGwkO29wMWQ==",
      "license": "Apache-2.0",
      "dependencies": {
        "@ai-sdk/provider": "3.0.0",
        "@standard-schema/spec": "^1.1.0",
        "eventsource-parser": "^3.0.6"
      },
      "engines": {
        "node": ">=18"
      },
      "peerDependencies": {
        "zod": "^3.25.76 || ^4.1.8"
      }
    },
    "node_modules/@ai-sdk/provider": {
      "version": "1.1.3",
      "resolved": "https://registry.npmjs.org/@ai-sdk/provider/-/provider-1.1.3.tgz",
      "integrity": "sha512-qZMxYJ0qqX/RfnuIaab+zp8UAeJn/ygXXAffR5I4N0n1IrvA6qBsjc8hXLmBiMV2zoXlifkacF7sEFnYnjBcqg==",
      "license": "Apache-2.0",
      "dependencies": {
        "json-schema": "^0.4.0"
      },
      "engines": {
        "node": ">=18"
      }
    },
    "node_modules/@ai-sdk/provider-utils": {
      "version": "2.2.8",
      "resolved": "https://registry.npmjs.org/@ai-sdk/provider-utils/-/provider-utils-2.2.8.tgz",
      "integrity": "sha512-fqhG+4sCVv8x7nFzYnFo19ryhAa3w096Kmc3hWxMQfW/TubPOmt3A6tYZhl4mUfQWWQMsuSkLrtjlWuXBVSGQA==",
      "license": "Apache-2.0",
      "dependencies": {
        "@ai-sdk/provider": "1.1.3",
        "nanoid": "^3.3.8",
        "secure-json-parse": "^2.7.0"
      },
      "engines": {
        "node": ">=18"
      },
      "peerDependencies": {
        "zod": "^3.23.8"
      }
    },
    "node_modules/@ai-sdk/ui-utils": {
      "version": "1.2.11",
      "resolved": "https://registry.npmjs.org/@ai-sdk/ui-utils/-/ui-utils-1.2.11.tgz",
      "integrity": "sha512-3zcwCc8ezzFlwp3ZD15wAPjf2Au4s3vAbKsXQVyhxODHcmu0iyPO2Eua6D/vicq/AUm/BAo60r97O6HU+EI0+w==",
      "license": "Apache-2.0",
      "dependencies": {
        "@ai-sdk/provider": "1.1.3",
        "@ai-sdk/provider-utils": "2.2.8",
        "zod-to-json-schema": "^3.24.1"
      },
      "engines": {
        "node": ">=18"
      },
      "peerDependencies": {
        "zod": "^3.23.8"
      }
    },
    "node_modules/@opentelemetry/api": {
      "version": "1.9.0",
      "resolved": "https://registry.npmjs.org/@opentelemetry/api/-/api-1.9.0.tgz",
      "integrity": "sha512-3giAOQvZiH5F9bMlMiv8+GSPMeqg0dbaeo58/0SlA9sxSqZhnUtxzX9/2FzyhS9sWQf5S0GJE0AKBrFqjpeYcg==",
      "license": "Apache-2.0",
      "engines": {
        "node": ">=8.0.0"
      }
    },
    "node_modules/@standard-schema/spec": {
      "version": "1.1.0",
      "resolved": "https://registry.npmjs.org/@standard-schema/spec/-/spec-1.1.0.tgz",
      "integrity": "sha512-l2aFy5jALhniG5HgqrD6jXLi/rUWrKvqN/qJx6yoJsgKhblVd+iqqU4RCXavm/jPityDo5TCvKMnpjKnOriy0w==",
      "license": "MIT"
    },
    "node_modules/@vercel/oidc": {
      "version": "3.0.5",
      "resolved": "https://registry.npmjs.org/@vercel/oidc/-/oidc-3.0.5.tgz",
      "integrity": "sha512-fnYhv671l+eTTp48gB4zEsTW/YtRgRPnkI2nT7x6qw5rkI1Lq2hTmQIpHPgyThI0znLK+vX2n9XxKdXZ7BUbbw==",
      "license": "Apache-2.0",
      "engines": {
        "node": ">= 20"
      }
    },
    "node_modules/ai": {
      "version": "6.0.3",
      "resolved": "https://registry.npmjs.org/ai/-/ai-6.0.3.tgz",
      "integrity": "sha512-OOo+/C+sEyscoLnbY3w42vjQDICioVNyS+F+ogwq6O5RJL/vgWGuiLzFwuP7oHTeni/MkmX8tIge48GTdaV7QQ==",
      "license": "Apache-2.0",
      "dependencies": {
        "@ai-sdk/gateway": "3.0.2",
        "@ai-sdk/provider": "3.0.0",
        "@ai-sdk/provider-utils": "4.0.1",
        "@opentelemetry/api": "1.9.0"
      },
      "engines": {
        "node": ">=18"
      },
      "peerDependencies": {
        "zod": "^3.25.76 || ^4.1.8"
      }
    },
    "node_modules/ai/node_modules/@ai-sdk/provider": {
      "version": "3.0.0",
      "resolved": "https://registry.npmjs.org/@ai-sdk/provider/-/provider-3.0.0.tgz",
      "integrity": "sha512-m9ka3ptkPQbaHHZHqDXDF9C9B5/Mav0KTdky1k2HZ3/nrW2t1AgObxIVPyGDWQNS9FXT/FS6PIoSjpcP/No8rQ==",
      "license": "Apache-2.0",
      "dependencies": {
        "json-schema": "^0.4.0"
      },
      "engines": {
        "node": ">=18"
      }
    },
    "node_modules/ai/node_modules/@ai-sdk/provider-utils": {
      "version": "4.0.1",
      "resolved": "https://registry.npmjs.org/@ai-sdk/provider-utils/-/provider-utils-4.0.1.tgz",
      "integrity": "sha512-de2v8gH9zj47tRI38oSxhQIewmNc+OZjYIOOaMoVWKL65ERSav2PYYZHPSPCrfOeLMkv+Dyh8Y0QGwkO29wMWQ==",
      "license": "Apache-2.0",
      "dependencies": {
        "@ai-sdk/provider": "3.0.0",
        "@standard-schema/spec": "^1.1.0",
        "eventsource-parser": "^3.0.6"
      },
      "engines": {
        "node": ">=18"
      },
      "peerDependencies": {
        "zod": "^3.25.76 || ^4.1.8"
      }
    },
    "node_modules/eventsource-parser": {
      "version": "3.0.6",
      "resolved": "https://registry.npmjs.org/eventsource-parser/-/eventsource-parser-3.0.6.tgz",
      "integrity": "sha512-Vo1ab+QXPzZ4tCa8SwIHJFaSzy4R6SHf7BY79rFBDf0idraZWAkYrDjDj8uWaSm3S2TK+hJ7/t1CEmZ7jXw+pg==",
      "license": "MIT",
      "engines": {
        "node": ">=18.0.0"
      }
    },
    "node_modules/json-schema": {
      "version": "0.4.0",
      "resolved": "https://registry.npmjs.org/json-schema/-/json-schema-0.4.0.tgz",
      "integrity": "sha512-es94M3nTIfsEPisRafak+HDLfHXnKBhV3vU5eqPcS3flIWqcxJWgXHXiey3YrpaNsanY5ei1VoYEbOzijuq9BA==",
      "license": "(AFL-2.1 OR BSD-3-Clause)"
    },
    "node_modules/nanoid": {
      "version": "3.3.11",
      "resolved": "https://registry.npmjs.org/nanoid/-/nanoid-3.3.11.tgz",
      "integrity": "sha512-N8SpfPUnUp1bK+PMYW8qSWdl9U+wwNWI4QKxOYDy9JAro3WMX7p2OeVRF9v+347pnakNevPmiHhNmZ2HbFA76w==",
      "funding": [
        {
          "type": "github",
          "url": "https://github.com/sponsors/ai"
        }
      ],
      "license": "MIT",
      "bin": {
        "nanoid": "bin/nanoid.cjs"
      },
      "engines": {
        "node": "^10 || ^12 || ^13.7 || ^14 || >=15.0.1"
      }
    },
    "node_modules/node-addon-api": {
      "version": "7.1.1",
      "resolved": "https://registry.npmjs.org/node-addon-api/-/node-addon-api-7.1.1.tgz",
      "integrity": "sha512-5m3bsyrjFWE1xf7nz7YXdN4udnVtXK6/Yfgn5qnahL6bCkf2yKt4k3nuTKAtT4r3IG8JNR2ncsIMdZuAzJjHQQ==",
      "license": "MIT"
    },
    "node_modules/node-pty": {
      "version": "1.1.0",
      "resolved": "https://registry.npmjs.org/node-pty/-/node-pty-1.1.0.tgz",
      "integrity": "sha512-20JqtutY6JPXTUnL0ij1uad7Qe1baT46lyolh2sSENDd4sTzKZ4nmAFkeAARDKwmlLjPx6XKRlwRUxwjOy+lUg==",
      "hasInstallScript": true,
      "license": "MIT",
      "dependencies": {
        "node-addon-api": "^7.1.0"
      }
    },
    "node_modules/secure-json-parse": {
      "version": "2.7.0",
      "resolved": "https://registry.npmjs.org/secure-json-parse/-/secure-json-parse-2.7.0.tgz",
      "integrity": "sha512-6aU+Rwsezw7VR8/nyvKTx8QpWH9FrcYiXXlqC4z5d5XQBDRqtbfsRjnwGyqbi3gddNtWHuEk9OANUotL26qKUw==",
      "license": "BSD-3-Clause"
    },
    "node_modules/zod": {
      "version": "3.25.76",
      "resolved": "https://registry.npmjs.org/zod/-/zod-3.25.76.tgz",
      "integrity": "sha512-gzUt/qt81nXsFGKIFcC3YnfEAx5NkunCfnDlvuBSSFS02bcXu4Lmea0AFIUwbLWxWPx3d9p8S5QoaujKcNQxcQ==",
      "license": "MIT",
      "peer": true,
      "funding": {
        "url": "https://github.com/sponsors/colinhacks"
      }
    },
    "node_modules/zod-to-json-schema": {
      "version": "3.25.1",
      "resolved": "https://registry.npmjs.org/zod-to-json-schema/-/zod-to-json-schema-3.25.1.tgz",
      "integrity": "sha512-pM/SU9d3YAggzi6MtR4h7ruuQlqKtad8e9S0fmxcMi+ueAK5Korys/aWcV9LIIHTVbj01NdzxcnXSN+O74ZIVA==",
      "license": "ISC",
      "peerDependencies": {
        "zod": "^3.25 || ^4"
      }
    }
  }
}
